
Microsoft Visual Studio Solution File, Format Version 12.00
# Visual Studio 14
VisualStudioVersion = 14.0.25420.1
MinimumVisualStudioVersion = 10.0.40219.1
Project("{FAE04EC0-301F-11D3-BF4B-00C04F79EFBC}") = "ObjectValidator", "ObjectValidator\ObjectValidator.csproj", "{DDCBFE20-BD33-4462-B5E0-553F35617B99}"
EndProject
Project("{FAE04EC0-301F-11D3-BF4B-00C04F79EFBC}") = "ObjectValidatorTests", "ObjectValidatorTests\ObjectValidatorTests.csproj", "{24D3A3E3-EEFF-4C21-8FA4-DB5718A80F65}"
EndProject
Global
	GlobalSection(SolutionConfigurationPlatforms) = preSolution
		Debug|Any CPU = Debug|Any CPU
		Release|Any CPU = Release|Any CPU
	EndGlobalSection
	GlobalSection(ProjectConfigurationPlatforms) = postSolution
		{DDCBFE20-BD33-4462-B5E0-553F35617B99}.Debug|Any CPU.ActiveCfg = Debug|Any CPU
		{DDCBFE20-BD33-4462-B5E0-553F35617B99}.Debug|Any CPU.Build.0 = Debug|Any CPU
		{DDCBFE20-BD33-4462-B5E0-553F35617B99}.Release|Any CPU.ActiveCfg = Release|Any CPU
		{DDCBFE20-BD33-4462-B5E0-553F35617B99}.Release|Any CPU.Build.0 = Release|Any CPU
		{24D3A3E3-EEFF-4C21-8FA4-DB5718A80F65}.Debug|Any CPU.ActiveCfg = Debug|Any CPU
		{24D3A3E3-EEFF-4C21-8FA4-DB5718A80F65}.Debug|Any CPU.Build.0 = Debug|Any CPU
		{24D3A3E3-EEFF-4C21-8FA4-DB5718A80F65}.Release|Any CPU.ActiveCfg = Release|Any CPU
		{24D3A3E3-EEFF-4C21-8FA4-DB5718A80F65}.Release|Any CPU.Build.0 = Release|Any CPU
	EndGlobalSection
	GlobalSection(SolutionProperties) = preSolution
		HideSolutionNode = FALSE
	EndGlobalSection
EndGlobal
